<?xml version="1.0" encoding="utf-8"?>
<Project ToolsVersion="4.0" xmlns="http://schemas.microsoft.com/developer/msbuild/2003">
  <ItemGroup>
    <ClCompile Include="EnumTypes.hpp">
      <Filter>Headers</Filter>
    </ClCompile>
    <ClCompile Include="FlowField.hpp">
      <Filter>Headers</Filter>
    </ClCompile>
    <ClCompile Include="AI.cpp">
      <Filter>Classes</Filter>
    </ClCompile>
    <ClCompile Include="Attackable.cpp">
      <Filter>Classes</Filter>
    </ClCompile>
    <ClCompile Include="AnimatedSprite.cpp">
      <Filter>Classes</Filter>
    </ClCompile>
    <ClCompile Include="AudioManager.cpp">
      <Filter>Classes</Filter>
    </ClCompile>
    <ClCompile Include="Bullet.cpp">
      <Filter>Classes</Filter>
    </ClCompile>
    <ClCompile Include="Button.cpp">
      <Filter>Classes</Filter>
    </ClCompile>
    <ClCompile Include="Camera.cpp">
      <Filter>Classes</Filter>
    </ClCompile>
    <ClCompile Include="CashoutOverlay.cpp">
      <Filter>Classes</Filter>
    </ClCompile>
    <ClCompile Include="Collidable.cpp">
      <Filter>Classes</Filter>
    </ClCompile>
    <ClCompile Include="Container.cpp">
      <Filter>Classes</Filter>
    </ClCompile>
    <ClCompile Include="DifficultyCalculator.cpp">
      <Filter>Classes</Filter>
    </ClCompile>
    <ClCompile Include="DifficultyOverlay.cpp">
      <Filter>Classes</Filter>
    </ClCompile>
    <ClCompile Include="DungeonGenerator.cpp">
      <Filter>Classes</Filter>
    </ClCompile>
    <ClCompile Include="DungeonGeneratorHelper.cpp">
      <Filter>Classes</Filter>
    </ClCompile>
    <ClCompile Include="DungeonGeneratorPlacement.cpp">
      <Filter>Classes</Filter>
    </ClCompile>
    <ClCompile Include="Enemy.cpp">
      <Filter>Classes</Filter>
    </ClCompile>
    <ClCompile Include="EnemyId_2.cpp">
      <Filter>Classes</Filter>
    </ClCompile>
    <ClCompile Include="EnemyId_3.cpp">
      <Filter>Classes</Filter>
    </ClCompile>
    <ClCompile Include="Entity.cpp">
      <Filter>Classes</Filter>
    </ClCompile>
    <ClCompile Include="Explosion.cpp">
      <Filter>Classes</Filter>
    </ClCompile>
    <ClCompile Include="FontManager.cpp">
      <Filter>Classes</Filter>
    </ClCompile>
    <ClCompile Include="Game.cpp">
      <Filter>Classes</Filter>
    </ClCompile>
    <ClCompile Include="GameSetupEntityRegistry.cpp">
      <Filter>Classes</Filter>
    </ClCompile>
    <ClCompile Include="GameSetupItemRegistry.cpp">
      <Filter>Classes</Filter>
    </ClCompile>
    <ClCompile Include="GameTimer.cpp">
      <Filter>Classes</Filter>
    </ClCompile>
    <ClCompile Include="Grid.cpp">
      <Filter>Classes</Filter>
    </ClCompile>
    <ClCompile Include="GridCell.cpp">
      <Filter>Classes</Filter>
    </ClCompile>
    <ClCompile Include="GridDropsManager.cpp">
      <Filter>Classes</Filter>
    </ClCompile>
    <ClCompile Include="GridEnemyManager.cpp">
      <Filter>Classes</Filter>
    </ClCompile>
    <ClCompile Include="GridOtherManager.cpp">
      <Filter>Classes</Filter>
    </ClCompile>
    <ClCompile Include="GridPathfinding.cpp">
      <Filter>Classes</Filter>
    </ClCompile>
    <ClCompile Include="InputManager.cpp">
      <Filter>Classes</Filter>
    </ClCompile>
    <ClCompile Include="InventoryOverlay.cpp">
      <Filter>Classes</Filter>
    </ClCompile>
    <ClCompile Include="Item.cpp">
      <Filter>Classes</Filter>
    </ClCompile>
    <ClCompile Include="ItemShopSocket.cpp">
      <Filter>Classes</Filter>
    </ClCompile>
    <ClCompile Include="ItemSpawner.cpp">
      <Filter>Classes</Filter>
    </ClCompile>
    <ClCompile Include="Main.cpp">
      <Filter>Classes</Filter>
    </ClCompile>
    <ClCompile Include="Particle.cpp">
      <Filter>Classes</Filter>
    </ClCompile>
    <ClCompile Include="ParticleEmitter.cpp">
      <Filter>Classes</Filter>
    </ClCompile>
    <ClCompile Include="PercentageBar.cpp">
      <Filter>Classes</Filter>
    </ClCompile>
    <ClCompile Include="Player.cpp">
      <Filter>Classes</Filter>
    </ClCompile>
    <ClCompile Include="PlayerHUD.cpp">
      <Filter>Classes</Filter>
    </ClCompile>
    <ClCompile Include="Prop.cpp">
      <Filter>Classes</Filter>
    </ClCompile>
    <ClCompile Include="Renderer.cpp">
      <Filter>Classes</Filter>
    </ClCompile>
    <ClCompile Include="Scene.cpp">
      <Filter>Classes</Filter>
    </ClCompile>
    <ClCompile Include="SplashScreenScene.cpp">
      <Filter>Classes</Filter>
    </ClCompile>
    <ClCompile Include="Sprite.cpp">
      <Filter>Classes</Filter>
    </ClCompile>
    <ClCompile Include="StatSheetOverlay.cpp">
      <Filter>Classes</Filter>
    </ClCompile>
    <ClCompile Include="TestingAreaScene.cpp">
      <Filter>Classes</Filter>
    </ClCompile>
    <ClCompile Include="Text.cpp">
      <Filter>Classes</Filter>
    </ClCompile>
    <ClCompile Include="TextureManager.cpp">
      <Filter>Classes</Filter>
    </ClCompile>
  </ItemGroup>
  <ItemGroup>
    <ClInclude Include="AI.hpp">
      <Filter>Headers</Filter>
    </ClInclude>
    <ClInclude Include="AnimatedSprite.hpp">
      <Filter>Headers</Filter>
    </ClInclude>
    <ClInclude Include="Attackable.hpp">
      <Filter>Headers</Filter>
    </ClInclude>
    <ClInclude Include="AudioManager.hpp">
      <Filter>Headers</Filter>
    </ClInclude>
    <ClInclude Include="Bullet.hpp">
      <Filter>Headers</Filter>
    </ClInclude>
    <ClInclude Include="Button.hpp">
      <Filter>Headers</Filter>
    </ClInclude>
    <ClInclude Include="Camera.hpp">
      <Filter>Headers</Filter>
    </ClInclude>
    <ClInclude Include="CashoutOverlay.hpp">
      <Filter>Headers</Filter>
    </ClInclude>
    <ClInclude Include="Collision.hpp">
      <Filter>Headers</Filter>
    </ClInclude>
    <ClInclude Include="Collidable.hpp">
      <Filter>Headers</Filter>
    </ClInclude>
    <ClInclude Include="Container.hpp">
      <Filter>Headers</Filter>
    </ClInclude>
    <ClInclude Include="DifficultyCalculator.hpp">
      <Filter>Headers</Filter>
    </ClInclude>
    <ClInclude Include="Direction.hpp">
      <Filter>Headers</Filter>
    </ClInclude>
    <ClInclude Include="DifficultyOverlay.hpp">
      <Filter>Headers</Filter>
    </ClInclude>
    <ClInclude Include="DungeonGenerator.hpp">
      <Filter>Headers</Filter>
    </ClInclude>
    <ClInclude Include="Element.hpp">
      <Filter>Headers</Filter>
    </ClInclude>
    <ClInclude Include="Enemy.hpp">
      <Filter>Headers</Filter>
    </ClInclude>
    <ClInclude Include="EnemyId_2.hpp">
      <Filter>Headers</Filter>
    </ClInclude>
    <ClInclude Include="EnemyId_3.hpp">
      <Filter>Headers</Filter>
    </ClInclude>
    <ClInclude Include="Entity.hpp">
      <Filter>Headers</Filter>
    </ClInclude>
    <ClInclude Include="EntityRegistry.hpp">
      <Filter>Headers</Filter>
    </ClInclude>
    <ClInclude Include="Explosion.hpp">
      <Filter>Headers</Filter>
    </ClInclude>
    <ClInclude Include="FontManager.hpp">
      <Filter>Headers</Filter>
    </ClInclude>
    <ClInclude Include="Game.hpp">
      <Filter>Headers</Filter>
    </ClInclude>
    <ClInclude Include="GameContext.hpp">
      <Filter>Headers</Filter>
    </ClInclude>
    <ClInclude Include="GameTimer.hpp">
      <Filter>Headers</Filter>
    </ClInclude>
    <ClInclude Include="GridCell.hpp">
      <Filter>Headers</Filter>
    </ClInclude>
    <ClInclude Include="GridCoord.hpp">
      <Filter>Headers</Filter>
    </ClInclude>
    <ClInclude Include="Grid.hpp">
      <Filter>Headers</Filter>
    </ClInclude>
    <ClInclude Include="InlineHelper.hpp">
      <Filter>Headers</Filter>
    </ClInclude>
    <ClInclude Include="InputManager.hpp">
      <Filter>Headers</Filter>
    </ClInclude>
    <ClInclude Include="Inventory.hpp">
      <Filter>Headers</Filter>
    </ClInclude>
    <ClInclude Include="InventoryOverlay.hpp">
      <Filter>Headers</Filter>
    </ClInclude>
    <ClInclude Include="Item.hpp">
      <Filter>Headers</Filter>
    </ClInclude>
    <ClInclude Include="ItemEffect.hpp">
      <Filter>Headers</Filter>
    </ClInclude>
    <ClInclude Include="ItemRegistry.hpp">
      <Filter>Headers</Filter>
    </ClInclude>
    <ClInclude Include="Items.hpp">
      <Filter>Headers</Filter>
    </ClInclude>
    <ClInclude Include="ItemShopSocket.hpp">
      <Filter>Headers</Filter>
    </ClInclude>
    <ClInclude Include="ItemSpawner.hpp">
      <Filter>Headers</Filter>
    </ClInclude>
    <ClInclude Include="Particle.hpp">
      <Filter>Headers</Filter>
    </ClInclude>
    <ClInclude Include="ParticleEmitter.hpp">
      <Filter>Headers</Filter>
    </ClInclude>
    <ClInclude Include="PercentageBar.hpp">
      <Filter>Headers</Filter>
    </ClInclude>
    <ClInclude Include="Player.hpp">
      <Filter>Headers</Filter>
    </ClInclude>
    <ClInclude Include="PlayerHUD.hpp">
      <Filter>Headers</Filter>
    </ClInclude>
    <ClInclude Include="Prop.hpp">
      <Filter>Headers</Filter>
    </ClInclude>
    <ClInclude Include="Renderer.hpp">
      <Filter>Headers</Filter>
    </ClInclude>
    <ClInclude Include="Scene.hpp">
      <Filter>Headers</Filter>
    </ClInclude>
    <ClInclude Include="SplashScreenScene.hpp">
      <Filter>Headers</Filter>
    </ClInclude>
    <ClInclude Include="StatSheet.hpp">
      <Filter>Headers</Filter>
    </ClInclude>
    <ClInclude Include="Sprite.hpp">
      <Filter>Headers</Filter>
    </ClInclude>
    <ClInclude Include="StatSheetOverlay.hpp">
      <Filter>Headers</Filter>
    </ClInclude>
    <ClInclude Include="TestingAreaScene.hpp">
      <Filter>Headers</Filter>
    </ClInclude>
    <ClInclude Include="Text.hpp">
      <Filter>Headers</Filter>
    </ClInclude>
    <ClInclude Include="TextureManager.hpp">
      <Filter>Headers</Filter>
    </ClInclude>
    <ClInclude Include="Vector2.hpp">
      <Filter>Headers</Filter>
    </ClInclude>
  </ItemGroup>
  <ItemGroup>
    <None Include="..\..\README.md" />
  </ItemGroup>
  <ItemGroup>
    <Filter Include="Headers">
      <UniqueIdentifier>{578c7ef8-d34d-4f33-bb72-c0c624039ebc}</UniqueIdentifier>
    </Filter>
    <Filter Include="Classes">
      <UniqueIdentifier>{a7118e9f-c8e8-4c1a-b70d-7f687f78177e}</UniqueIdentifier>
    </Filter>
  </ItemGroup>
</Project>